
Microsoft Visual Studio Solution File, Format Version 12.00
# Visual Studio 2013
VisualStudioVersion = 12.0.30723.0
MinimumVisualStudioVersion = 10.0.40219.1
Project("{8BC9CEB8-8B4A-11D0-8D11-00A0C91BC942}") = "Ruddy", "Ruddy\Ruddy.vcxproj", "{145B67E1-9BC0-4F45-A73F-2F5AEC1B8072}"
	ProjectSection(ProjectDependencies) = postProject
		{2A5DEC40-7291-4320-946C-AAB65B7C0B15} = {2A5DEC40-7291-4320-946C-AAB65B7C0B15}
		{BE0FBFBF-F3B4-4937-9A35-8B89E938E5DA} = {BE0FBFBF-F3B4-4937-9A35-8B89E938E5DA}
		{E2E0A7C8-5A22-4D88-85F0-7C6B0C733D4D} = {E2E0A7C8-5A22-4D88-85F0-7C6B0C733D4D}
		{B1B706D3-2B2D-4A3F-897A-822B8FC27CB8} = {B1B706D3-2B2D-4A3F-897A-822B8FC27CB8}
	EndProjectSection
EndProject
Project("{8BC9CEB8-8B4A-11D0-8D11-00A0C91BC942}") = "Grammar", "Grammar\Grammar.vcxproj", "{E2E0A7C8-5A22-4D88-85F0-7C6B0C733D4D}"
	ProjectSection(ProjectDependencies) = postProject
		{B1B706D3-2B2D-4A3F-897A-822B8FC27CB8} = {B1B706D3-2B2D-4A3F-897A-822B8FC27CB8}
	EndProjectSection
EndProject
Project("{8BC9CEB8-8B4A-11D0-8D11-00A0C91BC942}") = "Lexer", "Lexer\Lexer.vcxproj", "{2A5DEC40-7291-4320-946C-AAB65B7C0B15}"
	ProjectSection(ProjectDependencies) = postProject
		{E2E0A7C8-5A22-4D88-85F0-7C6B0C733D4D} = {E2E0A7C8-5A22-4D88-85F0-7C6B0C733D4D}
		{B1B706D3-2B2D-4A3F-897A-822B8FC27CB8} = {B1B706D3-2B2D-4A3F-897A-822B8FC27CB8}
	EndProjectSection
EndProject
Project("{8BC9CEB8-8B4A-11D0-8D11-00A0C91BC942}") = "LexerUnitTests", "LexerUnitTests\LexerUnitTests.vcxproj", "{DC82C52A-3BE1-4FDE-86AD-92209843C3AE}"
	ProjectSection(ProjectDependencies) = postProject
		{2A5DEC40-7291-4320-946C-AAB65B7C0B15} = {2A5DEC40-7291-4320-946C-AAB65B7C0B15}
		{E2E0A7C8-5A22-4D88-85F0-7C6B0C733D4D} = {E2E0A7C8-5A22-4D88-85F0-7C6B0C733D4D}
		{B1B706D3-2B2D-4A3F-897A-822B8FC27CB8} = {B1B706D3-2B2D-4A3F-897A-822B8FC27CB8}
	EndProjectSection
EndProject
Project("{8BC9CEB8-8B4A-11D0-8D11-00A0C91BC942}") = "Ast", "Ast\Ast.vcxproj", "{B1B706D3-2B2D-4A3F-897A-822B8FC27CB8}"
EndProject
Project("{8BC9CEB8-8B4A-11D0-8D11-00A0C91BC942}") = "TypeCheckingTests", "TypeCheckingTests\TypeCheckingTests.vcxproj", "{50534764-F229-428D-8542-40BD572C4640}"
	ProjectSection(ProjectDependencies) = postProject
		{B1B706D3-2B2D-4A3F-897A-822B8FC27CB8} = {B1B706D3-2B2D-4A3F-897A-822B8FC27CB8}
	EndProjectSection
EndProject
Project("{8BC9CEB8-8B4A-11D0-8D11-00A0C91BC942}") = "Parser", "Parser\Parser.vcxproj", "{BE0FBFBF-F3B4-4937-9A35-8B89E938E5DA}"
	ProjectSection(ProjectDependencies) = postProject
		{2A5DEC40-7291-4320-946C-AAB65B7C0B15} = {2A5DEC40-7291-4320-946C-AAB65B7C0B15}
		{E2E0A7C8-5A22-4D88-85F0-7C6B0C733D4D} = {E2E0A7C8-5A22-4D88-85F0-7C6B0C733D4D}
		{B1B706D3-2B2D-4A3F-897A-822B8FC27CB8} = {B1B706D3-2B2D-4A3F-897A-822B8FC27CB8}
	EndProjectSection
EndProject
Project("{8BC9CEB8-8B4A-11D0-8D11-00A0C91BC942}") = "ParserTests", "ParserTests\ParserTests.vcxproj", "{DFB816F7-CC7E-4410-82ED-1675636B4073}"
EndProject
Global
	GlobalSection(SolutionConfigurationPlatforms) = preSolution
		Debug|Win32 = Debug|Win32
		Release|Win32 = Release|Win32
	EndGlobalSection
	GlobalSection(ProjectConfigurationPlatforms) = postSolution
		{145B67E1-9BC0-4F45-A73F-2F5AEC1B8072}.Debug|Win32.ActiveCfg = Debug|Win32
		{145B67E1-9BC0-4F45-A73F-2F5AEC1B8072}.Debug|Win32.Build.0 = Debug|Win32
		{145B67E1-9BC0-4F45-A73F-2F5AEC1B8072}.Release|Win32.ActiveCfg = Release|Win32
		{145B67E1-9BC0-4F45-A73F-2F5AEC1B8072}.Release|Win32.Build.0 = Release|Win32
		{E2E0A7C8-5A22-4D88-85F0-7C6B0C733D4D}.Debug|Win32.ActiveCfg = Debug|Win32
		{E2E0A7C8-5A22-4D88-85F0-7C6B0C733D4D}.Debug|Win32.Build.0 = Debug|Win32
		{E2E0A7C8-5A22-4D88-85F0-7C6B0C733D4D}.Release|Win32.ActiveCfg = Release|Win32
		{E2E0A7C8-5A22-4D88-85F0-7C6B0C733D4D}.Release|Win32.Build.0 = Release|Win32
		{2A5DEC40-7291-4320-946C-AAB65B7C0B15}.Debug|Win32.ActiveCfg = Debug|Win32
		{2A5DEC40-7291-4320-946C-AAB65B7C0B15}.Debug|Win32.Build.0 = Debug|Win32
		{2A5DEC40-7291-4320-946C-AAB65B7C0B15}.Release|Win32.ActiveCfg = Release|Win32
		{2A5DEC40-7291-4320-946C-AAB65B7C0B15}.Release|Win32.Build.0 = Release|Win32
		{DC82C52A-3BE1-4FDE-86AD-92209843C3AE}.Debug|Win32.ActiveCfg = Debug|Win32
		{DC82C52A-3BE1-4FDE-86AD-92209843C3AE}.Debug|Win32.Build.0 = Debug|Win32
		{DC82C52A-3BE1-4FDE-86AD-92209843C3AE}.Release|Win32.ActiveCfg = Release|Win32
		{DC82C52A-3BE1-4FDE-86AD-92209843C3AE}.Release|Win32.Build.0 = Release|Win32
		{B1B706D3-2B2D-4A3F-897A-822B8FC27CB8}.Debug|Win32.ActiveCfg = Debug|Win32
		{B1B706D3-2B2D-4A3F-897A-822B8FC27CB8}.Debug|Win32.Build.0 = Debug|Win32
		{B1B706D3-2B2D-4A3F-897A-822B8FC27CB8}.Release|Win32.ActiveCfg = Release|Win32
		{B1B706D3-2B2D-4A3F-897A-822B8FC27CB8}.Release|Win32.Build.0 = Release|Win32
		{50534764-F229-428D-8542-40BD572C4640}.Debug|Win32.ActiveCfg = Debug|Win32
		{50534764-F229-428D-8542-40BD572C4640}.Debug|Win32.Build.0 = Debug|Win32
		{50534764-F229-428D-8542-40BD572C4640}.Release|Win32.ActiveCfg = Release|Win32
		{50534764-F229-428D-8542-40BD572C4640}.Release|Win32.Build.0 = Release|Win32
		{BE0FBFBF-F3B4-4937-9A35-8B89E938E5DA}.Debug|Win32.ActiveCfg = Debug|Win32
		{BE0FBFBF-F3B4-4937-9A35-8B89E938E5DA}.Debug|Win32.Build.0 = Debug|Win32
		{BE0FBFBF-F3B4-4937-9A35-8B89E938E5DA}.Release|Win32.ActiveCfg = Release|Win32
		{BE0FBFBF-F3B4-4937-9A35-8B89E938E5DA}.Release|Win32.Build.0 = Release|Win32
		{DFB816F7-CC7E-4410-82ED-1675636B4073}.Debug|Win32.ActiveCfg = Debug|Win32
		{DFB816F7-CC7E-4410-82ED-1675636B4073}.Debug|Win32.Build.0 = Debug|Win32
		{DFB816F7-CC7E-4410-82ED-1675636B4073}.Release|Win32.ActiveCfg = Release|Win32
		{DFB816F7-CC7E-4410-82ED-1675636B4073}.Release|Win32.Build.0 = Release|Win32
	EndGlobalSection
	GlobalSection(SolutionProperties) = preSolution
		HideSolutionNode = FALSE
	EndGlobalSection
EndGlobal
